{
  "requires": true,
  "lockfileVersion": 1,
  "dependencies": {
    "bootstrap": {
      "version": "4.1.0",
      "resolved": "https://registry.npmjs.org/bootstrap/-/bootstrap-4.1.0.tgz",
      "integrity": "sha512-kCo82nE8qYVfOa/Z3hL98CPgPIEkh6iPdiJrUJMQ9n9r0+6PEET7cmhLlV0XVYmEj5QtKIOaSGMLxy5jSFhKog=="
    },
    "jquery": {
      "version": "3.3.1",
      "resolved": "https://registry.npmjs.org/jquery/-/jquery-3.3.1.tgz",
      "integrity": "sha512-Ubldcmxp5np52/ENotGxlLe6aGMvmF4R8S6tZjsP6Knsaxd/xp3Zrh50cG93lR6nPXyUFwzN3ZSOQI0wRJNdGg=="
    },
    "tether": {
      "version": "1.4.4",
      "resolved": "https://registry.npmjs.org/tether/-/tether-1.4.4.tgz",
      "integrity": "sha512-bagKeRRo3vEynHnO3GB7/jB3Q4YIf0mN7gXM/nR0wZvNHkPrwmZemg1w0C32JZP0prHZUwxGwoX5CdA7tuIDEw=="
    }
  }
}
